{
    "name": "@lsby/ts_lambda_type",
    "version": "0.0.12",
    "lockfileVersion": 2,
    "requires": true,
    "packages": {
        "": {
            "name": "@lsby/ts_lambda_type",
            "version": "0.0.12",
            "license": "GPL-3.0-or-later",
            "dependencies": {
                "@lsby/ts_type_fun": "^0.0.12",
                "ts-lambda-calc": "github:desi-ivanov/ts-lambda-calc"
            },
            "devDependencies": {
                "prettier": "2.5.0",
                "typescript": "^4.7.3"
            }
        },
        "node_modules/@lsby/ts_type_fun": {
            "version": "0.0.12",
            "resolved": "https://registry.npmjs.org/@lsby/ts_type_fun/-/ts_type_fun-0.0.12.tgz",
            "integrity": "sha512-Z+VZjkUEged3zU32gsbq54HIO/vUjaWVfme8qG0LpZ87eSmZzfhxKlcfoFOqUJu+h6Jb9Kuiz/TNbIgacJ6p/A=="
        },
        "node_modules/prettier": {
            "version": "2.5.0",
            "resolved": "https://registry.npmjs.org/prettier/-/prettier-2.5.0.tgz",
            "integrity": "sha512-FM/zAKgWTxj40rH03VxzIPdXmj39SwSjwG0heUcNFwI+EMZJnY93yAiKXM3dObIKAM5TA88werc8T/EwhB45eg==",
            "dev": true,
            "bin": {
                "prettier": "bin-prettier.js"
            },
            "engines": {
                "node": ">=10.13.0"
            }
        },
        "node_modules/ts-lambda-calc": {
            "version": "1.0.0",
            "resolved": "git+ssh://git@github.com/desi-ivanov/ts-lambda-calc.git#c6e187b429a0940dcb4f46f4342e3883dfd064be",
            "license": "MIT",
            "dependencies": {
                "typescript": "^4.5.3"
            }
        },
        "node_modules/typescript": {
            "version": "4.7.4",
            "resolved": "https://registry.npmjs.org/typescript/-/typescript-4.7.4.tgz",
            "integrity": "sha512-C0WQT0gezHuw6AdY1M2jxUO83Rjf0HP7Sk1DtXj6j1EwkQNZrHAg2XPWlq62oqEhYvONq5pkC2Y9oPljWToLmQ==",
            "bin": {
                "tsc": "bin/tsc",
                "tsserver": "bin/tsserver"
            },
            "engines": {
                "node": ">=4.2.0"
            }
        }
    },
    "dependencies": {
        "@lsby/ts_type_fun": {
            "version": "0.0.12",
            "resolved": "https://registry.npmjs.org/@lsby/ts_type_fun/-/ts_type_fun-0.0.12.tgz",
            "integrity": "sha512-Z+VZjkUEged3zU32gsbq54HIO/vUjaWVfme8qG0LpZ87eSmZzfhxKlcfoFOqUJu+h6Jb9Kuiz/TNbIgacJ6p/A=="
        },
        "prettier": {
            "version": "2.5.0",
            "resolved": "https://registry.npmjs.org/prettier/-/prettier-2.5.0.tgz",
            "integrity": "sha512-FM/zAKgWTxj40rH03VxzIPdXmj39SwSjwG0heUcNFwI+EMZJnY93yAiKXM3dObIKAM5TA88werc8T/EwhB45eg==",
            "dev": true
        },
        "ts-lambda-calc": {
            "version": "git+ssh://git@github.com/desi-ivanov/ts-lambda-calc.git#c6e187b429a0940dcb4f46f4342e3883dfd064be",
            "from": "ts-lambda-calc@github:desi-ivanov/ts-lambda-calc",
            "requires": {
                "typescript": "^4.5.3"
            }
        },
        "typescript": {
            "version": "4.7.4",
            "resolved": "https://registry.npmjs.org/typescript/-/typescript-4.7.4.tgz",
            "integrity": "sha512-C0WQT0gezHuw6AdY1M2jxUO83Rjf0HP7Sk1DtXj6j1EwkQNZrHAg2XPWlq62oqEhYvONq5pkC2Y9oPljWToLmQ=="
        }
    }
}
