{
    "name": "@lsby/ts_lambda_type",
    "version": "0.0.34",
    "lockfileVersion": 2,
    "requires": true,
    "packages": {
        "": {
            "name": "@lsby/ts_lambda_type",
            "version": "0.0.34",
            "license": "GPL-3.0-or-later",
            "dependencies": {
                "@lsby/ts_type_fun": "^0.0.15",
                "@lsby/ts-lambda-calc": "1.0.0"
            },
            "devDependencies": {
                "prettier": "2.5.0",
                "typescript": "^4.7.3"
            }
        },
        "@lsby/ts-lambda-calc@1.0.0": {
            "extraneous": true
        },
        "node_modules/@lsby/ts_type_fun": {
            "version": "0.0.15",
            "resolved": "https://registry.npmjs.org/@lsby/ts_type_fun/-/ts_type_fun-0.0.15.tgz",
            "integrity": "sha512-MjMD4YQD8ToZoVM/adnc/jfmDN0MUuJg19W1NKjcwmdG31k+mN0w0RWnoshk60wv3DbLOA8snFSJ4x7La/hNIQ=="
        },
        "node_modules/@lsby/ts-lambda-calc": {
            "version": "1.0.0",
            "resolved": "https://registry.npmjs.org/@lsby/ts-lambda-calc/-/ts-lambda-calc-1.0.0.tgz",
            "integrity": "sha512-4xJGOgko80xJVzI6lTJ3Hw5hXRLKjOCsfnh9I/VdD9lGrqrYZeOTApfHZK2fyKwO1XKR7yEAcbDZSqJ/kV1V9A==",
            "dependencies": {
                "typescript": "^4.5.3"
            }
        },
        "node_modules/prettier": {
            "version": "2.5.0",
            "resolved": "https://registry.npmjs.org/prettier/-/prettier-2.5.0.tgz",
            "integrity": "sha512-FM/zAKgWTxj40rH03VxzIPdXmj39SwSjwG0heUcNFwI+EMZJnY93yAiKXM3dObIKAM5TA88werc8T/EwhB45eg==",
            "dev": true,
            "bin": {
                "prettier": "bin-prettier.js"
            },
            "engines": {
                "node": ">=10.13.0"
            }
        },
        "node_modules/typescript": {
            "version": "4.7.4",
            "resolved": "https://registry.npmjs.org/typescript/-/typescript-4.7.4.tgz",
            "integrity": "sha512-C0WQT0gezHuw6AdY1M2jxUO83Rjf0HP7Sk1DtXj6j1EwkQNZrHAg2XPWlq62oqEhYvONq5pkC2Y9oPljWToLmQ==",
            "bin": {
                "tsc": "bin/tsc",
                "tsserver": "bin/tsserver"
            },
            "engines": {
                "node": ">=4.2.0"
            }
        }
    },
    "dependencies": {
        "@lsby/ts_type_fun": {
            "version": "0.0.15",
            "resolved": "https://registry.npmjs.org/@lsby/ts_type_fun/-/ts_type_fun-0.0.15.tgz",
            "integrity": "sha512-MjMD4YQD8ToZoVM/adnc/jfmDN0MUuJg19W1NKjcwmdG31k+mN0w0RWnoshk60wv3DbLOA8snFSJ4x7La/hNIQ=="
        },
        "@lsby/ts-lambda-calc": {
            "version": "1.0.0",
            "resolved": "https://registry.npmjs.org/@lsby/ts-lambda-calc/-/ts-lambda-calc-1.0.0.tgz",
            "integrity": "sha512-4xJGOgko80xJVzI6lTJ3Hw5hXRLKjOCsfnh9I/VdD9lGrqrYZeOTApfHZK2fyKwO1XKR7yEAcbDZSqJ/kV1V9A==",
            "requires": {
                "typescript": "^4.5.3"
            }
        },
        "prettier": {
            "version": "2.5.0",
            "resolved": "https://registry.npmjs.org/prettier/-/prettier-2.5.0.tgz",
            "integrity": "sha512-FM/zAKgWTxj40rH03VxzIPdXmj39SwSjwG0heUcNFwI+EMZJnY93yAiKXM3dObIKAM5TA88werc8T/EwhB45eg==",
            "dev": true
        },
        "typescript": {
            "version": "4.7.4",
            "resolved": "https://registry.npmjs.org/typescript/-/typescript-4.7.4.tgz",
            "integrity": "sha512-C0WQT0gezHuw6AdY1M2jxUO83Rjf0HP7Sk1DtXj6j1EwkQNZrHAg2XPWlq62oqEhYvONq5pkC2Y9oPljWToLmQ=="
        }
    }
}
